
Microsoft Visual Studio Solution File, Format Version 12.00
# Visual Studio Version 17
VisualStudioVersion = 17.12.35527.113 d17.12
MinimumVisualStudioVersion = 10.0.40219.1
Project("{FAE04EC0-301F-11D3-BF4B-00C04F79EFBC}") = "Finalproje1", "Finalproje1.csproj", "{552910BA-2C67-494D-94BB-D91560B2B01A}"
EndProject
Project("{FAE04EC0-301F-11D3-BF4B-00C04F79EFBC}") = "ClassLibrary1", "..\ClassLibrary1\ClassLibrary1.csproj", "{98C8D8C1-5B17-48F2-BBF2-0221ADE081EB}"
EndProject
Global
	GlobalSection(SolutionConfigurationPlatforms) = preSolution
		Debug|Any CPU = Debug|Any CPU
		Release|Any CPU = Release|Any CPU
	EndGlobalSection
	GlobalSection(ProjectConfigurationPlatforms) = postSolution
		{552910BA-2C67-494D-94BB-D91560B2B01A}.Debug|Any CPU.ActiveCfg = Debug|Any CPU
		{552910BA-2C67-494D-94BB-D91560B2B01A}.Debug|Any CPU.Build.0 = Debug|Any CPU
		{552910BA-2C67-494D-94BB-D91560B2B01A}.Release|Any CPU.ActiveCfg = Release|Any CPU
		{552910BA-2C67-494D-94BB-D91560B2B01A}.Release|Any CPU.Build.0 = Release|Any CPU
		{98C8D8C1-5B17-48F2-BBF2-0221ADE081EB}.Debug|Any CPU.ActiveCfg = Debug|Any CPU
		{98C8D8C1-5B17-48F2-BBF2-0221ADE081EB}.Debug|Any CPU.Build.0 = Debug|Any CPU
		{98C8D8C1-5B17-48F2-BBF2-0221ADE081EB}.Release|Any CPU.ActiveCfg = Release|Any CPU
		{98C8D8C1-5B17-48F2-BBF2-0221ADE081EB}.Release|Any CPU.Build.0 = Release|Any CPU
	EndGlobalSection
	GlobalSection(SolutionProperties) = preSolution
		HideSolutionNode = FALSE
	EndGlobalSection
EndGlobal
